{
  "originHash" : "23e0a218f992f3652d7590d708e5824a96b5f15170364a2d7c2e348bc0700e0f",
  "pins" : [
    {
      "identity" : "dsl",
      "kind" : "remoteSourceControl",
      "location" : "https://github.com/leviouwendijk/DSL.git",
      "state" : {
        "branch" : "master",
        "revision" : "69018ce93382278431f9ec75ebd56a463d8fd703"
      }
    }
  ],
  "version" : 3
}
