{
  "originHash" : "018beba87d1c1da0e77dba151e11faea4aa0e1f09ba867ea30939ac5de84b5f0",
  "pins" : [
    {
      "identity" : "dsl",
      "kind" : "remoteSourceControl",
      "location" : "https://github.com/leviouwendijk/DSL.git",
      "state" : {
        "branch" : "master",
        "revision" : "da319404207f5c1176f70c0bce1abf6a4106ccbb"
      }
    }
  ],
  "version" : 3
}
